
Microsoft Visual Studio Solution File, Format Version 12.00
# Visual Studio Version 17
VisualStudioVersion = 17.4.33205.214
MinimumVisualStudioVersion = 10.0.40219.1
Project("{9A19103F-16F7-4668-BE54-9A1E7A4F7556}") = "LSharp", "LSharp\LSharp.csproj", "{C63A03CF-610F-482C-9623-A167D6966CF8}"
EndProject
Project("{FAE04EC0-301F-11D3-BF4B-00C04F79EFBC}") = "LSharpTest", "LSharpTest\LSharpTest.csproj", "{038A2D62-0170-4907-80BD-706860BE044C}"
EndProject
Global
	GlobalSection(SolutionConfigurationPlatforms) = preSolution
		Debug|Any CPU = Debug|Any CPU
		Release|Any CPU = Release|Any CPU
	EndGlobalSection
	GlobalSection(ProjectConfigurationPlatforms) = postSolution
		{C63A03CF-610F-482C-9623-A167D6966CF8}.Debug|Any CPU.ActiveCfg = Debug|Any CPU
		{C63A03CF-610F-482C-9623-A167D6966CF8}.Debug|Any CPU.Build.0 = Debug|Any CPU
		{C63A03CF-610F-482C-9623-A167D6966CF8}.Release|Any CPU.ActiveCfg = Release|Any CPU
		{C63A03CF-610F-482C-9623-A167D6966CF8}.Release|Any CPU.Build.0 = Release|Any CPU
		{038A2D62-0170-4907-80BD-706860BE044C}.Debug|Any CPU.ActiveCfg = Debug|Any CPU
		{038A2D62-0170-4907-80BD-706860BE044C}.Debug|Any CPU.Build.0 = Debug|Any CPU
		{038A2D62-0170-4907-80BD-706860BE044C}.Release|Any CPU.ActiveCfg = Release|Any CPU
		{038A2D62-0170-4907-80BD-706860BE044C}.Release|Any CPU.Build.0 = Release|Any CPU
	EndGlobalSection
	GlobalSection(SolutionProperties) = preSolution
		HideSolutionNode = FALSE
	EndGlobalSection
	GlobalSection(ExtensibilityGlobals) = postSolution
		SolutionGuid = {6B9E2591-931B-4FC2-A025-1F02BA2B0A11}
	EndGlobalSection
EndGlobal
